
Microsoft Visual Studio Solution File, Format Version 12.00
# Visual Studio 15
Project("{FAE04EC0-301F-11D3-BF4B-00C04F79EFBC}") = "Assembly-CSharp", "Assembly-CSharp.csproj", "{68DCA694-6BF6-72ED-C03D-C395AA695E11}"
EndProject
Project("{FAE04EC0-301F-11D3-BF4B-00C04F79EFBC}") = "Assembly-CSharp-Editor", "Assembly-CSharp-Editor.csproj", "{684CFBE6-D632-9F52-FF25-DE566853F413}"
EndProject
Global
	GlobalSection(SolutionConfigurationPlatforms) = preSolution
		Debug|Any CPU = Debug|Any CPU
		Release|Any CPU = Release|Any CPU
	EndGlobalSection
	GlobalSection(ProjectConfigurationPlatforms) = postSolution
		{68DCA694-6BF6-72ED-C03D-C395AA695E11}.Debug|Any CPU.ActiveCfg = Debug|Any CPU
		{68DCA694-6BF6-72ED-C03D-C395AA695E11}.Debug|Any CPU.Build.0 = Debug|Any CPU
		{68DCA694-6BF6-72ED-C03D-C395AA695E11}.Release|Any CPU.ActiveCfg = Release|Any CPU
		{68DCA694-6BF6-72ED-C03D-C395AA695E11}.Release|Any CPU.Build.0 = Release|Any CPU
		{684CFBE6-D632-9F52-FF25-DE566853F413}.Debug|Any CPU.ActiveCfg = Debug|Any CPU
		{684CFBE6-D632-9F52-FF25-DE566853F413}.Debug|Any CPU.Build.0 = Debug|Any CPU
		{684CFBE6-D632-9F52-FF25-DE566853F413}.Release|Any CPU.ActiveCfg = Release|Any CPU
		{684CFBE6-D632-9F52-FF25-DE566853F413}.Release|Any CPU.Build.0 = Release|Any CPU
	EndGlobalSection
	GlobalSection(SolutionProperties) = preSolution
		HideSolutionNode = FALSE
	EndGlobalSection
EndGlobal
