
Microsoft Visual Studio Solution File, Format Version 12.00
# Visual Studio 15
Project("{FAE04EC0-301F-11D3-BF4B-00C04F79EFBC}") = "Unity.Timeline", "Unity.Timeline.csproj", "{9078C609-A69A-F4F7-6715-0A9166DB2426}"
EndProject
Project("{FAE04EC0-301F-11D3-BF4B-00C04F79EFBC}") = "Unity.VisualEffectGraph.Editor", "Unity.VisualEffectGraph.Editor.csproj", "{1E324403-9B39-1BF9-A6D2-D6FBE6B5D67E}"
EndProject
Project("{FAE04EC0-301F-11D3-BF4B-00C04F79EFBC}") = "Unity.RenderPipelines.GPUDriven.Runtime", "Unity.RenderPipelines.GPUDriven.Runtime.csproj", "{D9B5B3EA-700B-4F03-58C3-64B8AFBF82C8}"
EndProject
Project("{FAE04EC0-301F-11D3-BF4B-00C04F79EFBC}") = "Unity.PlasticSCM.Editor", "Unity.PlasticSCM.Editor.csproj", "{4D24B077-F5CC-39F9-1254-5474C62B8871}"
EndProject
Project("{FAE04EC0-301F-11D3-BF4B-00C04F79EFBC}") = "Unity.ShaderGraph.Editor", "Unity.ShaderGraph.Editor.csproj", "{8F7DCB69-4BC1-7189-1CCD-2BEC3EDDD7B3}"
EndProject
Project("{FAE04EC0-301F-11D3-BF4B-00C04F79EFBC}") = "Unity.RenderPipelines.Core.Runtime", "Unity.RenderPipelines.Core.Runtime.csproj", "{F94AD539-2168-CF4B-4C5C-9B8EB2AAA859}"
EndProject
Project("{FAE04EC0-301F-11D3-BF4B-00C04F79EFBC}") = "Unity.Mathematics", "Unity.Mathematics.csproj", "{A019D649-9A95-80D6-5F96-7645E43EA6FA}"
EndProject
Project("{FAE04EC0-301F-11D3-BF4B-00C04F79EFBC}") = "Unity.Timeline.Editor", "Unity.Timeline.Editor.csproj", "{DB6E9CDB-671A-F5FA-544E-D5A3A4006CBF}"
EndProject
Project("{FAE04EC0-301F-11D3-BF4B-00C04F79EFBC}") = "Unity.Multiplayer.Center.Editor", "Unity.Multiplayer.Center.Editor.csproj", "{5A3C9387-9140-E0F8-4163-CDFA49C81F71}"
EndProject
Project("{FAE04EC0-301F-11D3-BF4B-00C04F79EFBC}") = "Unity.Collections", "Unity.Collections.csproj", "{E2CA96DF-E80A-1A31-CFA1-D370B49EAD85}"
EndProject
Project("{FAE04EC0-301F-11D3-BF4B-00C04F79EFBC}") = "UnityEngine.UI", "UnityEngine.UI.csproj", "{953E5340-B75A-5C63-613C-4DD5EF0D29F5}"
EndProject
Project("{FAE04EC0-301F-11D3-BF4B-00C04F79EFBC}") = "Unity.TerrainTools.Editor", "Unity.TerrainTools.Editor.csproj", "{05034DC9-F7B1-8F1C-0A54-F6ED50114E96}"
EndProject
Project("{FAE04EC0-301F-11D3-BF4B-00C04F79EFBC}") = "Unity.RenderPipelines.Universal.2D.Runtime", "Unity.RenderPipelines.Universal.2D.Runtime.csproj", "{D42DB639-A9D6-7BE9-D696-C5608C10D7DD}"
EndProject
Project("{FAE04EC0-301F-11D3-BF4B-00C04F79EFBC}") = "Unity.RenderPipelines.Core.Editor", "Unity.RenderPipelines.Core.Editor.csproj", "{52A0F970-1D24-BA26-6907-1AE4DA73AD9F}"
EndProject
Project("{FAE04EC0-301F-11D3-BF4B-00C04F79EFBC}") = "Unity.VisualScripting.Core.Editor", "Unity.VisualScripting.Core.Editor.csproj", "{D48DF08C-1117-6696-8B26-C89DC0BD48E3}"
EndProject
Project("{FAE04EC0-301F-11D3-BF4B-00C04F79EFBC}") = "Unity.RenderPipelines.Universal.Editor", "Unity.RenderPipelines.Universal.Editor.csproj", "{9FA9350F-DF93-811A-D8D6-CF961D6E163F}"
EndProject
Project("{FAE04EC0-301F-11D3-BF4B-00C04F79EFBC}") = "Unity.PerformanceTesting.Editor", "Unity.PerformanceTesting.Editor.csproj", "{CF9E42D9-F305-1CC3-87BB-6DAF971ED3E4}"
EndProject
Project("{FAE04EC0-301F-11D3-BF4B-00C04F79EFBC}") = "UnityEngine.TestRunner", "UnityEngine.TestRunner.csproj", "{6B12B5CC-E496-128F-45AC-7978B43E62EF}"
EndProject
Project("{FAE04EC0-301F-11D3-BF4B-00C04F79EFBC}") = "Unity.RenderPipelines.HighDefinition.Editor", "Unity.RenderPipelines.HighDefinition.Editor.csproj", "{438DB0CD-9795-FFE2-1929-8F665EDF9CF8}"
EndProject
Project("{FAE04EC0-301F-11D3-BF4B-00C04F79EFBC}") = "Unity.Burst", "Unity.Burst.csproj", "{6D1EE6EF-7B93-AEFF-CC44-22E9717695EB}"
EndProject
Project("{FAE04EC0-301F-11D3-BF4B-00C04F79EFBC}") = "Unity.RenderPipelines.HighDefinition.Runtime", "Unity.RenderPipelines.HighDefinition.Runtime.csproj", "{0F53A016-9D82-710B-8F59-92588A509DD2}"
EndProject
Project("{FAE04EC0-301F-11D3-BF4B-00C04F79EFBC}") = "Unity.VisualScripting.Flow.Editor", "Unity.VisualScripting.Flow.Editor.csproj", "{EED25CAE-AE83-E187-1D51-CF78BFC80F81}"
EndProject
Project("{FAE04EC0-301F-11D3-BF4B-00C04F79EFBC}") = "Unity.VisualStudio.Editor", "Unity.VisualStudio.Editor.csproj", "{48F89D70-BFC4-3CC3-C7F8-4A3269A10F86}"
EndProject
Project("{FAE04EC0-301F-11D3-BF4B-00C04F79EFBC}") = "Unity.InputSystem", "Unity.InputSystem.csproj", "{91360C4E-7085-83A4-AB04-DB5667BAB301}"
EndProject
Project("{FAE04EC0-301F-11D3-BF4B-00C04F79EFBC}") = "PPv2URPConverters", "PPv2URPConverters.csproj", "{0E676A2C-B76E-1D81-DC22-81F8446A9A3C}"
EndProject
Project("{FAE04EC0-301F-11D3-BF4B-00C04F79EFBC}") = "Unity.Searcher.Editor", "Unity.Searcher.Editor.csproj", "{21C3AA01-C819-73F3-6065-CE574714FC03}"
EndProject
Project("{FAE04EC0-301F-11D3-BF4B-00C04F79EFBC}") = "UnityEditor.TestRunner", "UnityEditor.TestRunner.csproj", "{B26738FF-55B6-29C3-AEE7-59B5D33D3209}"
EndProject
Project("{FAE04EC0-301F-11D3-BF4B-00C04F79EFBC}") = "Unity.VisualScripting.Core", "Unity.VisualScripting.Core.csproj", "{C2F86333-DC0A-5094-7353-59F0E8C1E112}"
EndProject
Project("{FAE04EC0-301F-11D3-BF4B-00C04F79EFBC}") = "Unity.RenderPipelines.Universal.Runtime", "Unity.RenderPipelines.Universal.Runtime.csproj", "{18D6D13B-803F-E81E-F0B4-8C63410F004F}"
EndProject
Project("{FAE04EC0-301F-11D3-BF4B-00C04F79EFBC}") = "Unity.CollabProxy.Editor", "Unity.CollabProxy.Editor.csproj", "{69749220-CE1E-1A22-688F-B660B3BB0457}"
EndProject
Project("{FAE04EC0-301F-11D3-BF4B-00C04F79EFBC}") = "Unity.AI.Navigation.Editor.ConversionSystem", "Unity.AI.Navigation.Editor.ConversionSystem.csproj", "{C517659F-2A4C-CB1E-392D-765CDB64D611}"
EndProject
Project("{FAE04EC0-301F-11D3-BF4B-00C04F79EFBC}") = "Unity.VisualScripting.State.Editor", "Unity.VisualScripting.State.Editor.csproj", "{54C9C958-1B26-CAF8-271D-E7BB9050A766}"
EndProject
Project("{FAE04EC0-301F-11D3-BF4B-00C04F79EFBC}") = "Unity.VisualEffectGraph.Runtime", "Unity.VisualEffectGraph.Runtime.csproj", "{A2A0E12F-6A61-43BC-66BD-C5CACCD34260}"
EndProject
Project("{FAE04EC0-301F-11D3-BF4B-00C04F79EFBC}") = "Unity.Burst.CodeGen", "Unity.Burst.CodeGen.csproj", "{486F0B4F-D053-6511-9113-3F3A5C6641A0}"
EndProject
Project("{FAE04EC0-301F-11D3-BF4B-00C04F79EFBC}") = "Unity.VisualScripting.Flow", "Unity.VisualScripting.Flow.csproj", "{4468BE8F-5AE8-D5B0-0D42-8688E94BAD20}"
EndProject
Project("{FAE04EC0-301F-11D3-BF4B-00C04F79EFBC}") = "Assembly-CSharp", "Assembly-CSharp.csproj", "{0538071B-E634-FAEE-DA97-666C23BCCA50}"
EndProject
Project("{FAE04EC0-301F-11D3-BF4B-00C04F79EFBC}") = "Unity.PerformanceTesting", "Unity.PerformanceTesting.csproj", "{064EE388-6E66-7D02-6267-786D213A2B7C}"
EndProject
Project("{FAE04EC0-301F-11D3-BF4B-00C04F79EFBC}") = "Unity.TextMeshPro", "Unity.TextMeshPro.csproj", "{452CF6D1-9E8C-A8D3-AA2D-02E3643DD53C}"
EndProject
Project("{FAE04EC0-301F-11D3-BF4B-00C04F79EFBC}") = "Unity.TextMeshPro.Editor", "Unity.TextMeshPro.Editor.csproj", "{6F0CA91B-2F20-4CF6-DF18-91CED60A9B15}"
EndProject
Project("{FAE04EC0-301F-11D3-BF4B-00C04F79EFBC}") = "Unity.Rendering.LightTransport.Runtime", "Unity.Rendering.LightTransport.Runtime.csproj", "{7FBA190B-6679-BBCF-B088-BB5185FCFBD6}"
EndProject
Project("{FAE04EC0-301F-11D3-BF4B-00C04F79EFBC}") = "Unity.Burst.Editor", "Unity.Burst.Editor.csproj", "{D400641E-5BFB-C678-7FFF-8411094BC8BE}"
EndProject
Project("{FAE04EC0-301F-11D3-BF4B-00C04F79EFBC}") = "Unity.Rider.Editor", "Unity.Rider.Editor.csproj", "{CFD9C9DD-83C7-FEC1-68D5-5E5846C87316}"
EndProject
Project("{FAE04EC0-301F-11D3-BF4B-00C04F79EFBC}") = "Unity.VisualScripting.State", "Unity.VisualScripting.State.csproj", "{F094D39A-42D1-5391-877F-779B9CF048B6}"
EndProject
Project("{FAE04EC0-301F-11D3-BF4B-00C04F79EFBC}") = "Unity.AI.Navigation.Updater", "Unity.AI.Navigation.Updater.csproj", "{012B692D-39BD-A36B-7EDD-89224EF18270}"
EndProject
Project("{FAE04EC0-301F-11D3-BF4B-00C04F79EFBC}") = "UnityEditor.UI", "UnityEditor.UI.csproj", "{CEE70D83-EEB6-45B0-E24B-5DFB999D98FE}"
EndProject
Project("{FAE04EC0-301F-11D3-BF4B-00C04F79EFBC}") = "Unity.AI.Navigation.Editor", "Unity.AI.Navigation.Editor.csproj", "{E833CC4A-2E77-319A-B225-3B11037AAAD1}"
EndProject
Project("{FAE04EC0-301F-11D3-BF4B-00C04F79EFBC}") = "Unity.Multiplayer.Center.Common", "Unity.Multiplayer.Center.Common.csproj", "{A3F4ADC2-6783-39CC-A22F-EF08C6873EAD}"
EndProject
Project("{FAE04EC0-301F-11D3-BF4B-00C04F79EFBC}") = "Assembly-CSharp-Editor", "Assembly-CSharp-Editor.csproj", "{86E5A83E-43E9-739D-311C-8A367934EB4F}"
EndProject
Project("{FAE04EC0-301F-11D3-BF4B-00C04F79EFBC}") = "Unity.InputSystem.ForUI", "Unity.InputSystem.ForUI.csproj", "{5DD1D68A-8D74-2111-94B8-30F1712D11BE}"
EndProject
Project("{FAE04EC0-301F-11D3-BF4B-00C04F79EFBC}") = "Unity.AI.Navigation", "Unity.AI.Navigation.csproj", "{F8647BBB-B8C1-2A4C-22E7-73D6CE9D7FC8}"
EndProject
Project("{FAE04EC0-301F-11D3-BF4B-00C04F79EFBC}") = "Unity.Collections.CodeGen", "Unity.Collections.CodeGen.csproj", "{AB3C2BDD-965C-B9AB-E149-113CC85B0226}"
EndProject
Project("{FAE04EC0-301F-11D3-BF4B-00C04F79EFBC}") = "Unity.Mathematics.Editor", "Unity.Mathematics.Editor.csproj", "{3CCA5386-F2E4-EA74-5AD8-897EB5CBB39A}"
EndProject
Project("{FAE04EC0-301F-11D3-BF4B-00C04F79EFBC}") = "Unity.VisualScripting.SettingsProvider.Editor", "Unity.VisualScripting.SettingsProvider.Editor.csproj", "{75DF3BF9-5402-451F-3F12-C16AE16B6CE0}"
EndProject
Project("{FAE04EC0-301F-11D3-BF4B-00C04F79EFBC}") = "Unity.VSCode.Editor", "Unity.VSCode.Editor.csproj", "{3C187A4B-9EA5-4EE0-6CE2-64672F424E9B}"
EndProject
Project("{FAE04EC0-301F-11D3-BF4B-00C04F79EFBC}") = "Unity.InputSystem.TestFramework", "Unity.InputSystem.TestFramework.csproj", "{FBC133C0-C0D4-FDAC-2417-583C54BA81A3}"
EndProject
Project("{FAE04EC0-301F-11D3-BF4B-00C04F79EFBC}") = "Unity.ShaderGraph.Utilities", "Unity.ShaderGraph.Utilities.csproj", "{3E44F10F-424D-6774-E100-3151EF8EF0DD}"
EndProject
Project("{FAE04EC0-301F-11D3-BF4B-00C04F79EFBC}") = "Unity.VisualScripting.Shared.Editor", "Unity.VisualScripting.Shared.Editor.csproj", "{1EDA590D-2301-EB30-BA6E-644EAEC68DF2}"
EndProject
Project("{FAE04EC0-301F-11D3-BF4B-00C04F79EFBC}") = "Unity.TerrainTools", "Unity.TerrainTools.csproj", "{615A3C14-382A-161D-D516-B04B31B227A0}"
EndProject
Project("{FAE04EC0-301F-11D3-BF4B-00C04F79EFBC}") = "Unity.RenderPipeline.Universal.ShaderLibrary", "Unity.RenderPipeline.Universal.ShaderLibrary.csproj", "{0BDE6B3A-74F4-7F17-9DA9-0C63E3D413ED}"
EndProject
Project("{FAE04EC0-301F-11D3-BF4B-00C04F79EFBC}") = "Unity.Rendering.LightTransport.Editor", "Unity.Rendering.LightTransport.Editor.csproj", "{2A33B961-90D6-2294-7D36-737FC06EF556}"
EndProject
Project("{FAE04EC0-301F-11D3-BF4B-00C04F79EFBC}") = "Unity.RenderPipelines.Universal.Shaders", "Unity.RenderPipelines.Universal.Shaders.csproj", "{2AF12AF8-C654-0037-DFC2-42DC8F24623E}"
EndProject
Project("{FAE04EC0-301F-11D3-BF4B-00C04F79EFBC}") = "Unity.RenderPipelines.Core.Runtime.Shared", "Unity.RenderPipelines.Core.Runtime.Shared.csproj", "{04043282-A808-4184-3974-A642C6690643}"
EndProject
Project("{FAE04EC0-301F-11D3-BF4B-00C04F79EFBC}") = "Unity.RenderPipelines.HighDefinition.Config.Runtime", "Unity.RenderPipelines.HighDefinition.Config.Runtime.csproj", "{F14588D0-0F1E-AA50-5C37-EAD4B1DB82A9}"
EndProject
Project("{FAE04EC0-301F-11D3-BF4B-00C04F79EFBC}") = "Unity.Collections.Editor", "Unity.Collections.Editor.csproj", "{76A3DF2A-C3E0-6641-5E27-3AA97567D3AD}"
EndProject
Project("{FAE04EC0-301F-11D3-BF4B-00C04F79EFBC}") = "Unity.RenderPipelines.Universal.Config.Runtime", "Unity.RenderPipelines.Universal.Config.Runtime.csproj", "{463BD18B-F7C3-97A7-9EC6-B0526F082D6E}"
EndProject
Project("{FAE04EC0-301F-11D3-BF4B-00C04F79EFBC}") = "Unity.RenderPipelines.ShaderGraph.ShaderGraphLibrary", "Unity.RenderPipelines.ShaderGraph.ShaderGraphLibrary.csproj", "{897B7CF9-A2D8-C8AD-FCC5-9EDBD4292371}"
EndProject
Project("{FAE04EC0-301F-11D3-BF4B-00C04F79EFBC}") = "Unity.RenderPipelines.Core.ShaderLibrary", "Unity.RenderPipelines.Core.ShaderLibrary.csproj", "{3F09DC53-CF04-7ABA-9F5E-C85A50202D0B}"
EndProject
Project("{FAE04EC0-301F-11D3-BF4B-00C04F79EFBC}") = "Unity.RenderPipelines.Core.Editor.Shared", "Unity.RenderPipelines.Core.Editor.Shared.csproj", "{7C6AAE21-DF31-850E-D245-D651A56D1C45}"
EndProject
Global
	GlobalSection(SolutionConfigurationPlatforms) = preSolution
		Debug|Any CPU = Debug|Any CPU
		Release|Any CPU = Release|Any CPU
	EndGlobalSection
	GlobalSection(ProjectConfigurationPlatforms) = postSolution
		{9078C609-A69A-F4F7-6715-0A9166DB2426}.Debug|Any CPU.ActiveCfg = Debug|Any CPU
		{9078C609-A69A-F4F7-6715-0A9166DB2426}.Debug|Any CPU.Build.0 = Debug|Any CPU
		{9078C609-A69A-F4F7-6715-0A9166DB2426}.Release|Any CPU.ActiveCfg = Release|Any CPU
		{9078C609-A69A-F4F7-6715-0A9166DB2426}.Release|Any CPU.Build.0 = Release|Any CPU
		{1E324403-9B39-1BF9-A6D2-D6FBE6B5D67E}.Debug|Any CPU.ActiveCfg = Debug|Any CPU
		{1E324403-9B39-1BF9-A6D2-D6FBE6B5D67E}.Debug|Any CPU.Build.0 = Debug|Any CPU
		{1E324403-9B39-1BF9-A6D2-D6FBE6B5D67E}.Release|Any CPU.ActiveCfg = Release|Any CPU
		{1E324403-9B39-1BF9-A6D2-D6FBE6B5D67E}.Release|Any CPU.Build.0 = Release|Any CPU
		{D9B5B3EA-700B-4F03-58C3-64B8AFBF82C8}.Debug|Any CPU.ActiveCfg = Debug|Any CPU
		{D9B5B3EA-700B-4F03-58C3-64B8AFBF82C8}.Debug|Any CPU.Build.0 = Debug|Any CPU
		{D9B5B3EA-700B-4F03-58C3-64B8AFBF82C8}.Release|Any CPU.ActiveCfg = Release|Any CPU
		{D9B5B3EA-700B-4F03-58C3-64B8AFBF82C8}.Release|Any CPU.Build.0 = Release|Any CPU
		{4D24B077-F5CC-39F9-1254-5474C62B8871}.Debug|Any CPU.ActiveCfg = Debug|Any CPU
		{4D24B077-F5CC-39F9-1254-5474C62B8871}.Debug|Any CPU.Build.0 = Debug|Any CPU
		{4D24B077-F5CC-39F9-1254-5474C62B8871}.Release|Any CPU.ActiveCfg = Release|Any CPU
		{4D24B077-F5CC-39F9-1254-5474C62B8871}.Release|Any CPU.Build.0 = Release|Any CPU
		{8F7DCB69-4BC1-7189-1CCD-2BEC3EDDD7B3}.Debug|Any CPU.ActiveCfg = Debug|Any CPU
		{8F7DCB69-4BC1-7189-1CCD-2BEC3EDDD7B3}.Debug|Any CPU.Build.0 = Debug|Any CPU
		{8F7DCB69-4BC1-7189-1CCD-2BEC3EDDD7B3}.Release|Any CPU.ActiveCfg = Release|Any CPU
		{8F7DCB69-4BC1-7189-1CCD-2BEC3EDDD7B3}.Release|Any CPU.Build.0 = Release|Any CPU
		{F94AD539-2168-CF4B-4C5C-9B8EB2AAA859}.Debug|Any CPU.ActiveCfg = Debug|Any CPU
		{F94AD539-2168-CF4B-4C5C-9B8EB2AAA859}.Debug|Any CPU.Build.0 = Debug|Any CPU
		{F94AD539-2168-CF4B-4C5C-9B8EB2AAA859}.Release|Any CPU.ActiveCfg = Release|Any CPU
		{F94AD539-2168-CF4B-4C5C-9B8EB2AAA859}.Release|Any CPU.Build.0 = Release|Any CPU
		{A019D649-9A95-80D6-5F96-7645E43EA6FA}.Debug|Any CPU.ActiveCfg = Debug|Any CPU
		{A019D649-9A95-80D6-5F96-7645E43EA6FA}.Debug|Any CPU.Build.0 = Debug|Any CPU
		{A019D649-9A95-80D6-5F96-7645E43EA6FA}.Release|Any CPU.ActiveCfg = Release|Any CPU
		{A019D649-9A95-80D6-5F96-7645E43EA6FA}.Release|Any CPU.Build.0 = Release|Any CPU
		{DB6E9CDB-671A-F5FA-544E-D5A3A4006CBF}.Debug|Any CPU.ActiveCfg = Debug|Any CPU
		{DB6E9CDB-671A-F5FA-544E-D5A3A4006CBF}.Debug|Any CPU.Build.0 = Debug|Any CPU
		{DB6E9CDB-671A-F5FA-544E-D5A3A4006CBF}.Release|Any CPU.ActiveCfg = Release|Any CPU
		{DB6E9CDB-671A-F5FA-544E-D5A3A4006CBF}.Release|Any CPU.Build.0 = Release|Any CPU
		{5A3C9387-9140-E0F8-4163-CDFA49C81F71}.Debug|Any CPU.ActiveCfg = Debug|Any CPU
		{5A3C9387-9140-E0F8-4163-CDFA49C81F71}.Debug|Any CPU.Build.0 = Debug|Any CPU
		{5A3C9387-9140-E0F8-4163-CDFA49C81F71}.Release|Any CPU.ActiveCfg = Release|Any CPU
		{5A3C9387-9140-E0F8-4163-CDFA49C81F71}.Release|Any CPU.Build.0 = Release|Any CPU
		{E2CA96DF-E80A-1A31-CFA1-D370B49EAD85}.Debug|Any CPU.ActiveCfg = Debug|Any CPU
		{E2CA96DF-E80A-1A31-CFA1-D370B49EAD85}.Debug|Any CPU.Build.0 = Debug|Any CPU
		{E2CA96DF-E80A-1A31-CFA1-D370B49EAD85}.Release|Any CPU.ActiveCfg = Release|Any CPU
		{E2CA96DF-E80A-1A31-CFA1-D370B49EAD85}.Release|Any CPU.Build.0 = Release|Any CPU
		{953E5340-B75A-5C63-613C-4DD5EF0D29F5}.Debug|Any CPU.ActiveCfg = Debug|Any CPU
		{953E5340-B75A-5C63-613C-4DD5EF0D29F5}.Debug|Any CPU.Build.0 = Debug|Any CPU
		{953E5340-B75A-5C63-613C-4DD5EF0D29F5}.Release|Any CPU.ActiveCfg = Release|Any CPU
		{953E5340-B75A-5C63-613C-4DD5EF0D29F5}.Release|Any CPU.Build.0 = Release|Any CPU
		{05034DC9-F7B1-8F1C-0A54-F6ED50114E96}.Debug|Any CPU.ActiveCfg = Debug|Any CPU
		{05034DC9-F7B1-8F1C-0A54-F6ED50114E96}.Debug|Any CPU.Build.0 = Debug|Any CPU
		{05034DC9-F7B1-8F1C-0A54-F6ED50114E96}.Release|Any CPU.ActiveCfg = Release|Any CPU
		{05034DC9-F7B1-8F1C-0A54-F6ED50114E96}.Release|Any CPU.Build.0 = Release|Any CPU
		{D42DB639-A9D6-7BE9-D696-C5608C10D7DD}.Debug|Any CPU.ActiveCfg = Debug|Any CPU
		{D42DB639-A9D6-7BE9-D696-C5608C10D7DD}.Debug|Any CPU.Build.0 = Debug|Any CPU
		{D42DB639-A9D6-7BE9-D696-C5608C10D7DD}.Release|Any CPU.ActiveCfg = Release|Any CPU
		{D42DB639-A9D6-7BE9-D696-C5608C10D7DD}.Release|Any CPU.Build.0 = Release|Any CPU
		{52A0F970-1D24-BA26-6907-1AE4DA73AD9F}.Debug|Any CPU.ActiveCfg = Debug|Any CPU
		{52A0F970-1D24-BA26-6907-1AE4DA73AD9F}.Debug|Any CPU.Build.0 = Debug|Any CPU
		{52A0F970-1D24-BA26-6907-1AE4DA73AD9F}.Release|Any CPU.ActiveCfg = Release|Any CPU
		{52A0F970-1D24-BA26-6907-1AE4DA73AD9F}.Release|Any CPU.Build.0 = Release|Any CPU
		{D48DF08C-1117-6696-8B26-C89DC0BD48E3}.Debug|Any CPU.ActiveCfg = Debug|Any CPU
		{D48DF08C-1117-6696-8B26-C89DC0BD48E3}.Debug|Any CPU.Build.0 = Debug|Any CPU
		{D48DF08C-1117-6696-8B26-C89DC0BD48E3}.Release|Any CPU.ActiveCfg = Release|Any CPU
		{D48DF08C-1117-6696-8B26-C89DC0BD48E3}.Release|Any CPU.Build.0 = Release|Any CPU
		{9FA9350F-DF93-811A-D8D6-CF961D6E163F}.Debug|Any CPU.ActiveCfg = Debug|Any CPU
		{9FA9350F-DF93-811A-D8D6-CF961D6E163F}.Debug|Any CPU.Build.0 = Debug|Any CPU
		{9FA9350F-DF93-811A-D8D6-CF961D6E163F}.Release|Any CPU.ActiveCfg = Release|Any CPU
		{9FA9350F-DF93-811A-D8D6-CF961D6E163F}.Release|Any CPU.Build.0 = Release|Any CPU
		{CF9E42D9-F305-1CC3-87BB-6DAF971ED3E4}.Debug|Any CPU.ActiveCfg = Debug|Any CPU
		{CF9E42D9-F305-1CC3-87BB-6DAF971ED3E4}.Debug|Any CPU.Build.0 = Debug|Any CPU
		{CF9E42D9-F305-1CC3-87BB-6DAF971ED3E4}.Release|Any CPU.ActiveCfg = Release|Any CPU
		{CF9E42D9-F305-1CC3-87BB-6DAF971ED3E4}.Release|Any CPU.Build.0 = Release|Any CPU
		{6B12B5CC-E496-128F-45AC-7978B43E62EF}.Debug|Any CPU.ActiveCfg = Debug|Any CPU
		{6B12B5CC-E496-128F-45AC-7978B43E62EF}.Debug|Any CPU.Build.0 = Debug|Any CPU
		{6B12B5CC-E496-128F-45AC-7978B43E62EF}.Release|Any CPU.ActiveCfg = Release|Any CPU
		{6B12B5CC-E496-128F-45AC-7978B43E62EF}.Release|Any CPU.Build.0 = Release|Any CPU
		{438DB0CD-9795-FFE2-1929-8F665EDF9CF8}.Debug|Any CPU.ActiveCfg = Debug|Any CPU
		{438DB0CD-9795-FFE2-1929-8F665EDF9CF8}.Debug|Any CPU.Build.0 = Debug|Any CPU
		{438DB0CD-9795-FFE2-1929-8F665EDF9CF8}.Release|Any CPU.ActiveCfg = Release|Any CPU
		{438DB0CD-9795-FFE2-1929-8F665EDF9CF8}.Release|Any CPU.Build.0 = Release|Any CPU
		{6D1EE6EF-7B93-AEFF-CC44-22E9717695EB}.Debug|Any CPU.ActiveCfg = Debug|Any CPU
		{6D1EE6EF-7B93-AEFF-CC44-22E9717695EB}.Debug|Any CPU.Build.0 = Debug|Any CPU
		{6D1EE6EF-7B93-AEFF-CC44-22E9717695EB}.Release|Any CPU.ActiveCfg = Release|Any CPU
		{6D1EE6EF-7B93-AEFF-CC44-22E9717695EB}.Release|Any CPU.Build.0 = Release|Any CPU
		{0F53A016-9D82-710B-8F59-92588A509DD2}.Debug|Any CPU.ActiveCfg = Debug|Any CPU
		{0F53A016-9D82-710B-8F59-92588A509DD2}.Debug|Any CPU.Build.0 = Debug|Any CPU
		{0F53A016-9D82-710B-8F59-92588A509DD2}.Release|Any CPU.ActiveCfg = Release|Any CPU
		{0F53A016-9D82-710B-8F59-92588A509DD2}.Release|Any CPU.Build.0 = Release|Any CPU
		{EED25CAE-AE83-E187-1D51-CF78BFC80F81}.Debug|Any CPU.ActiveCfg = Debug|Any CPU
		{EED25CAE-AE83-E187-1D51-CF78BFC80F81}.Debug|Any CPU.Build.0 = Debug|Any CPU
		{EED25CAE-AE83-E187-1D51-CF78BFC80F81}.Release|Any CPU.ActiveCfg = Release|Any CPU
		{EED25CAE-AE83-E187-1D51-CF78BFC80F81}.Release|Any CPU.Build.0 = Release|Any CPU
		{48F89D70-BFC4-3CC3-C7F8-4A3269A10F86}.Debug|Any CPU.ActiveCfg = Debug|Any CPU
		{48F89D70-BFC4-3CC3-C7F8-4A3269A10F86}.Debug|Any CPU.Build.0 = Debug|Any CPU
		{48F89D70-BFC4-3CC3-C7F8-4A3269A10F86}.Release|Any CPU.ActiveCfg = Release|Any CPU
		{48F89D70-BFC4-3CC3-C7F8-4A3269A10F86}.Release|Any CPU.Build.0 = Release|Any CPU
		{91360C4E-7085-83A4-AB04-DB5667BAB301}.Debug|Any CPU.ActiveCfg = Debug|Any CPU
		{91360C4E-7085-83A4-AB04-DB5667BAB301}.Debug|Any CPU.Build.0 = Debug|Any CPU
		{91360C4E-7085-83A4-AB04-DB5667BAB301}.Release|Any CPU.ActiveCfg = Release|Any CPU
		{91360C4E-7085-83A4-AB04-DB5667BAB301}.Release|Any CPU.Build.0 = Release|Any CPU
		{0E676A2C-B76E-1D81-DC22-81F8446A9A3C}.Debug|Any CPU.ActiveCfg = Debug|Any CPU
		{0E676A2C-B76E-1D81-DC22-81F8446A9A3C}.Debug|Any CPU.Build.0 = Debug|Any CPU
		{0E676A2C-B76E-1D81-DC22-81F8446A9A3C}.Release|Any CPU.ActiveCfg = Release|Any CPU
		{0E676A2C-B76E-1D81-DC22-81F8446A9A3C}.Release|Any CPU.Build.0 = Release|Any CPU
		{21C3AA01-C819-73F3-6065-CE574714FC03}.Debug|Any CPU.ActiveCfg = Debug|Any CPU
		{21C3AA01-C819-73F3-6065-CE574714FC03}.Debug|Any CPU.Build.0 = Debug|Any CPU
		{21C3AA01-C819-73F3-6065-CE574714FC03}.Release|Any CPU.ActiveCfg = Release|Any CPU
		{21C3AA01-C819-73F3-6065-CE574714FC03}.Release|Any CPU.Build.0 = Release|Any CPU
		{B26738FF-55B6-29C3-AEE7-59B5D33D3209}.Debug|Any CPU.ActiveCfg = Debug|Any CPU
		{B26738FF-55B6-29C3-AEE7-59B5D33D3209}.Debug|Any CPU.Build.0 = Debug|Any CPU
		{B26738FF-55B6-29C3-AEE7-59B5D33D3209}.Release|Any CPU.ActiveCfg = Release|Any CPU
		{B26738FF-55B6-29C3-AEE7-59B5D33D3209}.Release|Any CPU.Build.0 = Release|Any CPU
		{C2F86333-DC0A-5094-7353-59F0E8C1E112}.Debug|Any CPU.ActiveCfg = Debug|Any CPU
		{C2F86333-DC0A-5094-7353-59F0E8C1E112}.Debug|Any CPU.Build.0 = Debug|Any CPU
		{C2F86333-DC0A-5094-7353-59F0E8C1E112}.Release|Any CPU.ActiveCfg = Release|Any CPU
		{C2F86333-DC0A-5094-7353-59F0E8C1E112}.Release|Any CPU.Build.0 = Release|Any CPU
		{18D6D13B-803F-E81E-F0B4-8C63410F004F}.Debug|Any CPU.ActiveCfg = Debug|Any CPU
		{18D6D13B-803F-E81E-F0B4-8C63410F004F}.Debug|Any CPU.Build.0 = Debug|Any CPU
		{18D6D13B-803F-E81E-F0B4-8C63410F004F}.Release|Any CPU.ActiveCfg = Release|Any CPU
		{18D6D13B-803F-E81E-F0B4-8C63410F004F}.Release|Any CPU.Build.0 = Release|Any CPU
		{69749220-CE1E-1A22-688F-B660B3BB0457}.Debug|Any CPU.ActiveCfg = Debug|Any CPU
		{69749220-CE1E-1A22-688F-B660B3BB0457}.Debug|Any CPU.Build.0 = Debug|Any CPU
		{69749220-CE1E-1A22-688F-B660B3BB0457}.Release|Any CPU.ActiveCfg = Release|Any CPU
		{69749220-CE1E-1A22-688F-B660B3BB0457}.Release|Any CPU.Build.0 = Release|Any CPU
		{C517659F-2A4C-CB1E-392D-765CDB64D611}.Debug|Any CPU.ActiveCfg = Debug|Any CPU
		{C517659F-2A4C-CB1E-392D-765CDB64D611}.Debug|Any CPU.Build.0 = Debug|Any CPU
		{C517659F-2A4C-CB1E-392D-765CDB64D611}.Release|Any CPU.ActiveCfg = Release|Any CPU
		{C517659F-2A4C-CB1E-392D-765CDB64D611}.Release|Any CPU.Build.0 = Release|Any CPU
		{54C9C958-1B26-CAF8-271D-E7BB9050A766}.Debug|Any CPU.ActiveCfg = Debug|Any CPU
		{54C9C958-1B26-CAF8-271D-E7BB9050A766}.Debug|Any CPU.Build.0 = Debug|Any CPU
		{54C9C958-1B26-CAF8-271D-E7BB9050A766}.Release|Any CPU.ActiveCfg = Release|Any CPU
		{54C9C958-1B26-CAF8-271D-E7BB9050A766}.Release|Any CPU.Build.0 = Release|Any CPU
		{A2A0E12F-6A61-43BC-66BD-C5CACCD34260}.Debug|Any CPU.ActiveCfg = Debug|Any CPU
		{A2A0E12F-6A61-43BC-66BD-C5CACCD34260}.Debug|Any CPU.Build.0 = Debug|Any CPU
		{A2A0E12F-6A61-43BC-66BD-C5CACCD34260}.Release|Any CPU.ActiveCfg = Release|Any CPU
		{A2A0E12F-6A61-43BC-66BD-C5CACCD34260}.Release|Any CPU.Build.0 = Release|Any CPU
		{486F0B4F-D053-6511-9113-3F3A5C6641A0}.Debug|Any CPU.ActiveCfg = Debug|Any CPU
		{486F0B4F-D053-6511-9113-3F3A5C6641A0}.Debug|Any CPU.Build.0 = Debug|Any CPU
		{486F0B4F-D053-6511-9113-3F3A5C6641A0}.Release|Any CPU.ActiveCfg = Release|Any CPU
		{486F0B4F-D053-6511-9113-3F3A5C6641A0}.Release|Any CPU.Build.0 = Release|Any CPU
		{4468BE8F-5AE8-D5B0-0D42-8688E94BAD20}.Debug|Any CPU.ActiveCfg = Debug|Any CPU
		{4468BE8F-5AE8-D5B0-0D42-8688E94BAD20}.Debug|Any CPU.Build.0 = Debug|Any CPU
		{4468BE8F-5AE8-D5B0-0D42-8688E94BAD20}.Release|Any CPU.ActiveCfg = Release|Any CPU
		{4468BE8F-5AE8-D5B0-0D42-8688E94BAD20}.Release|Any CPU.Build.0 = Release|Any CPU
		{0538071B-E634-FAEE-DA97-666C23BCCA50}.Debug|Any CPU.ActiveCfg = Debug|Any CPU
		{0538071B-E634-FAEE-DA97-666C23BCCA50}.Debug|Any CPU.Build.0 = Debug|Any CPU
		{0538071B-E634-FAEE-DA97-666C23BCCA50}.Release|Any CPU.ActiveCfg = Release|Any CPU
		{0538071B-E634-FAEE-DA97-666C23BCCA50}.Release|Any CPU.Build.0 = Release|Any CPU
		{064EE388-6E66-7D02-6267-786D213A2B7C}.Debug|Any CPU.ActiveCfg = Debug|Any CPU
		{064EE388-6E66-7D02-6267-786D213A2B7C}.Debug|Any CPU.Build.0 = Debug|Any CPU
		{064EE388-6E66-7D02-6267-786D213A2B7C}.Release|Any CPU.ActiveCfg = Release|Any CPU
		{064EE388-6E66-7D02-6267-786D213A2B7C}.Release|Any CPU.Build.0 = Release|Any CPU
		{452CF6D1-9E8C-A8D3-AA2D-02E3643DD53C}.Debug|Any CPU.ActiveCfg = Debug|Any CPU
		{452CF6D1-9E8C-A8D3-AA2D-02E3643DD53C}.Debug|Any CPU.Build.0 = Debug|Any CPU
		{452CF6D1-9E8C-A8D3-AA2D-02E3643DD53C}.Release|Any CPU.ActiveCfg = Release|Any CPU
		{452CF6D1-9E8C-A8D3-AA2D-02E3643DD53C}.Release|Any CPU.Build.0 = Release|Any CPU
		{6F0CA91B-2F20-4CF6-DF18-91CED60A9B15}.Debug|Any CPU.ActiveCfg = Debug|Any CPU
		{6F0CA91B-2F20-4CF6-DF18-91CED60A9B15}.Debug|Any CPU.Build.0 = Debug|Any CPU
		{6F0CA91B-2F20-4CF6-DF18-91CED60A9B15}.Release|Any CPU.ActiveCfg = Release|Any CPU
		{6F0CA91B-2F20-4CF6-DF18-91CED60A9B15}.Release|Any CPU.Build.0 = Release|Any CPU
		{7FBA190B-6679-BBCF-B088-BB5185FCFBD6}.Debug|Any CPU.ActiveCfg = Debug|Any CPU
		{7FBA190B-6679-BBCF-B088-BB5185FCFBD6}.Debug|Any CPU.Build.0 = Debug|Any CPU
		{7FBA190B-6679-BBCF-B088-BB5185FCFBD6}.Release|Any CPU.ActiveCfg = Release|Any CPU
		{7FBA190B-6679-BBCF-B088-BB5185FCFBD6}.Release|Any CPU.Build.0 = Release|Any CPU
		{D400641E-5BFB-C678-7FFF-8411094BC8BE}.Debug|Any CPU.ActiveCfg = Debug|Any CPU
		{D400641E-5BFB-C678-7FFF-8411094BC8BE}.Debug|Any CPU.Build.0 = Debug|Any CPU
		{D400641E-5BFB-C678-7FFF-8411094BC8BE}.Release|Any CPU.ActiveCfg = Release|Any CPU
		{D400641E-5BFB-C678-7FFF-8411094BC8BE}.Release|Any CPU.Build.0 = Release|Any CPU
		{CFD9C9DD-83C7-FEC1-68D5-5E5846C87316}.Debug|Any CPU.ActiveCfg = Debug|Any CPU
		{CFD9C9DD-83C7-FEC1-68D5-5E5846C87316}.Debug|Any CPU.Build.0 = Debug|Any CPU
		{CFD9C9DD-83C7-FEC1-68D5-5E5846C87316}.Release|Any CPU.ActiveCfg = Release|Any CPU
		{CFD9C9DD-83C7-FEC1-68D5-5E5846C87316}.Release|Any CPU.Build.0 = Release|Any CPU
		{F094D39A-42D1-5391-877F-779B9CF048B6}.Debug|Any CPU.ActiveCfg = Debug|Any CPU
		{F094D39A-42D1-5391-877F-779B9CF048B6}.Debug|Any CPU.Build.0 = Debug|Any CPU
		{F094D39A-42D1-5391-877F-779B9CF048B6}.Release|Any CPU.ActiveCfg = Release|Any CPU
		{F094D39A-42D1-5391-877F-779B9CF048B6}.Release|Any CPU.Build.0 = Release|Any CPU
		{012B692D-39BD-A36B-7EDD-89224EF18270}.Debug|Any CPU.ActiveCfg = Debug|Any CPU
		{012B692D-39BD-A36B-7EDD-89224EF18270}.Debug|Any CPU.Build.0 = Debug|Any CPU
		{012B692D-39BD-A36B-7EDD-89224EF18270}.Release|Any CPU.ActiveCfg = Release|Any CPU
		{012B692D-39BD-A36B-7EDD-89224EF18270}.Release|Any CPU.Build.0 = Release|Any CPU
		{CEE70D83-EEB6-45B0-E24B-5DFB999D98FE}.Debug|Any CPU.ActiveCfg = Debug|Any CPU
		{CEE70D83-EEB6-45B0-E24B-5DFB999D98FE}.Debug|Any CPU.Build.0 = Debug|Any CPU
		{CEE70D83-EEB6-45B0-E24B-5DFB999D98FE}.Release|Any CPU.ActiveCfg = Release|Any CPU
		{CEE70D83-EEB6-45B0-E24B-5DFB999D98FE}.Release|Any CPU.Build.0 = Release|Any CPU
		{E833CC4A-2E77-319A-B225-3B11037AAAD1}.Debug|Any CPU.ActiveCfg = Debug|Any CPU
		{E833CC4A-2E77-319A-B225-3B11037AAAD1}.Debug|Any CPU.Build.0 = Debug|Any CPU
		{E833CC4A-2E77-319A-B225-3B11037AAAD1}.Release|Any CPU.ActiveCfg = Release|Any CPU
		{E833CC4A-2E77-319A-B225-3B11037AAAD1}.Release|Any CPU.Build.0 = Release|Any CPU
		{A3F4ADC2-6783-39CC-A22F-EF08C6873EAD}.Debug|Any CPU.ActiveCfg = Debug|Any CPU
		{A3F4ADC2-6783-39CC-A22F-EF08C6873EAD}.Debug|Any CPU.Build.0 = Debug|Any CPU
		{A3F4ADC2-6783-39CC-A22F-EF08C6873EAD}.Release|Any CPU.ActiveCfg = Release|Any CPU
		{A3F4ADC2-6783-39CC-A22F-EF08C6873EAD}.Release|Any CPU.Build.0 = Release|Any CPU
		{86E5A83E-43E9-739D-311C-8A367934EB4F}.Debug|Any CPU.ActiveCfg = Debug|Any CPU
		{86E5A83E-43E9-739D-311C-8A367934EB4F}.Debug|Any CPU.Build.0 = Debug|Any CPU
		{86E5A83E-43E9-739D-311C-8A367934EB4F}.Release|Any CPU.ActiveCfg = Release|Any CPU
		{86E5A83E-43E9-739D-311C-8A367934EB4F}.Release|Any CPU.Build.0 = Release|Any CPU
		{5DD1D68A-8D74-2111-94B8-30F1712D11BE}.Debug|Any CPU.ActiveCfg = Debug|Any CPU
		{5DD1D68A-8D74-2111-94B8-30F1712D11BE}.Debug|Any CPU.Build.0 = Debug|Any CPU
		{5DD1D68A-8D74-2111-94B8-30F1712D11BE}.Release|Any CPU.ActiveCfg = Release|Any CPU
		{5DD1D68A-8D74-2111-94B8-30F1712D11BE}.Release|Any CPU.Build.0 = Release|Any CPU
		{F8647BBB-B8C1-2A4C-22E7-73D6CE9D7FC8}.Debug|Any CPU.ActiveCfg = Debug|Any CPU
		{F8647BBB-B8C1-2A4C-22E7-73D6CE9D7FC8}.Debug|Any CPU.Build.0 = Debug|Any CPU
		{F8647BBB-B8C1-2A4C-22E7-73D6CE9D7FC8}.Release|Any CPU.ActiveCfg = Release|Any CPU
		{F8647BBB-B8C1-2A4C-22E7-73D6CE9D7FC8}.Release|Any CPU.Build.0 = Release|Any CPU
		{AB3C2BDD-965C-B9AB-E149-113CC85B0226}.Debug|Any CPU.ActiveCfg = Debug|Any CPU
		{AB3C2BDD-965C-B9AB-E149-113CC85B0226}.Debug|Any CPU.Build.0 = Debug|Any CPU
		{AB3C2BDD-965C-B9AB-E149-113CC85B0226}.Release|Any CPU.ActiveCfg = Release|Any CPU
		{AB3C2BDD-965C-B9AB-E149-113CC85B0226}.Release|Any CPU.Build.0 = Release|Any CPU
		{3CCA5386-F2E4-EA74-5AD8-897EB5CBB39A}.Debug|Any CPU.ActiveCfg = Debug|Any CPU
		{3CCA5386-F2E4-EA74-5AD8-897EB5CBB39A}.Debug|Any CPU.Build.0 = Debug|Any CPU
		{3CCA5386-F2E4-EA74-5AD8-897EB5CBB39A}.Release|Any CPU.ActiveCfg = Release|Any CPU
		{3CCA5386-F2E4-EA74-5AD8-897EB5CBB39A}.Release|Any CPU.Build.0 = Release|Any CPU
		{75DF3BF9-5402-451F-3F12-C16AE16B6CE0}.Debug|Any CPU.ActiveCfg = Debug|Any CPU
		{75DF3BF9-5402-451F-3F12-C16AE16B6CE0}.Debug|Any CPU.Build.0 = Debug|Any CPU
		{75DF3BF9-5402-451F-3F12-C16AE16B6CE0}.Release|Any CPU.ActiveCfg = Release|Any CPU
		{75DF3BF9-5402-451F-3F12-C16AE16B6CE0}.Release|Any CPU.Build.0 = Release|Any CPU
		{3C187A4B-9EA5-4EE0-6CE2-64672F424E9B}.Debug|Any CPU.ActiveCfg = Debug|Any CPU
		{3C187A4B-9EA5-4EE0-6CE2-64672F424E9B}.Debug|Any CPU.Build.0 = Debug|Any CPU
		{3C187A4B-9EA5-4EE0-6CE2-64672F424E9B}.Release|Any CPU.ActiveCfg = Release|Any CPU
		{3C187A4B-9EA5-4EE0-6CE2-64672F424E9B}.Release|Any CPU.Build.0 = Release|Any CPU
		{FBC133C0-C0D4-FDAC-2417-583C54BA81A3}.Debug|Any CPU.ActiveCfg = Debug|Any CPU
		{FBC133C0-C0D4-FDAC-2417-583C54BA81A3}.Debug|Any CPU.Build.0 = Debug|Any CPU
		{FBC133C0-C0D4-FDAC-2417-583C54BA81A3}.Release|Any CPU.ActiveCfg = Release|Any CPU
		{FBC133C0-C0D4-FDAC-2417-583C54BA81A3}.Release|Any CPU.Build.0 = Release|Any CPU
		{3E44F10F-424D-6774-E100-3151EF8EF0DD}.Debug|Any CPU.ActiveCfg = Debug|Any CPU
		{3E44F10F-424D-6774-E100-3151EF8EF0DD}.Debug|Any CPU.Build.0 = Debug|Any CPU
		{3E44F10F-424D-6774-E100-3151EF8EF0DD}.Release|Any CPU.ActiveCfg = Release|Any CPU
		{3E44F10F-424D-6774-E100-3151EF8EF0DD}.Release|Any CPU.Build.0 = Release|Any CPU
		{1EDA590D-2301-EB30-BA6E-644EAEC68DF2}.Debug|Any CPU.ActiveCfg = Debug|Any CPU
		{1EDA590D-2301-EB30-BA6E-644EAEC68DF2}.Debug|Any CPU.Build.0 = Debug|Any CPU
		{1EDA590D-2301-EB30-BA6E-644EAEC68DF2}.Release|Any CPU.ActiveCfg = Release|Any CPU
		{1EDA590D-2301-EB30-BA6E-644EAEC68DF2}.Release|Any CPU.Build.0 = Release|Any CPU
		{615A3C14-382A-161D-D516-B04B31B227A0}.Debug|Any CPU.ActiveCfg = Debug|Any CPU
		{615A3C14-382A-161D-D516-B04B31B227A0}.Debug|Any CPU.Build.0 = Debug|Any CPU
		{615A3C14-382A-161D-D516-B04B31B227A0}.Release|Any CPU.ActiveCfg = Release|Any CPU
		{615A3C14-382A-161D-D516-B04B31B227A0}.Release|Any CPU.Build.0 = Release|Any CPU
		{0BDE6B3A-74F4-7F17-9DA9-0C63E3D413ED}.Debug|Any CPU.ActiveCfg = Debug|Any CPU
		{0BDE6B3A-74F4-7F17-9DA9-0C63E3D413ED}.Debug|Any CPU.Build.0 = Debug|Any CPU
		{0BDE6B3A-74F4-7F17-9DA9-0C63E3D413ED}.Release|Any CPU.ActiveCfg = Release|Any CPU
		{0BDE6B3A-74F4-7F17-9DA9-0C63E3D413ED}.Release|Any CPU.Build.0 = Release|Any CPU
		{2A33B961-90D6-2294-7D36-737FC06EF556}.Debug|Any CPU.ActiveCfg = Debug|Any CPU
		{2A33B961-90D6-2294-7D36-737FC06EF556}.Debug|Any CPU.Build.0 = Debug|Any CPU
		{2A33B961-90D6-2294-7D36-737FC06EF556}.Release|Any CPU.ActiveCfg = Release|Any CPU
		{2A33B961-90D6-2294-7D36-737FC06EF556}.Release|Any CPU.Build.0 = Release|Any CPU
		{2AF12AF8-C654-0037-DFC2-42DC8F24623E}.Debug|Any CPU.ActiveCfg = Debug|Any CPU
		{2AF12AF8-C654-0037-DFC2-42DC8F24623E}.Debug|Any CPU.Build.0 = Debug|Any CPU
		{2AF12AF8-C654-0037-DFC2-42DC8F24623E}.Release|Any CPU.ActiveCfg = Release|Any CPU
		{2AF12AF8-C654-0037-DFC2-42DC8F24623E}.Release|Any CPU.Build.0 = Release|Any CPU
		{04043282-A808-4184-3974-A642C6690643}.Debug|Any CPU.ActiveCfg = Debug|Any CPU
		{04043282-A808-4184-3974-A642C6690643}.Debug|Any CPU.Build.0 = Debug|Any CPU
		{04043282-A808-4184-3974-A642C6690643}.Release|Any CPU.ActiveCfg = Release|Any CPU
		{04043282-A808-4184-3974-A642C6690643}.Release|Any CPU.Build.0 = Release|Any CPU
		{F14588D0-0F1E-AA50-5C37-EAD4B1DB82A9}.Debug|Any CPU.ActiveCfg = Debug|Any CPU
		{F14588D0-0F1E-AA50-5C37-EAD4B1DB82A9}.Debug|Any CPU.Build.0 = Debug|Any CPU
		{F14588D0-0F1E-AA50-5C37-EAD4B1DB82A9}.Release|Any CPU.ActiveCfg = Release|Any CPU
		{F14588D0-0F1E-AA50-5C37-EAD4B1DB82A9}.Release|Any CPU.Build.0 = Release|Any CPU
		{76A3DF2A-C3E0-6641-5E27-3AA97567D3AD}.Debug|Any CPU.ActiveCfg = Debug|Any CPU
		{76A3DF2A-C3E0-6641-5E27-3AA97567D3AD}.Debug|Any CPU.Build.0 = Debug|Any CPU
		{76A3DF2A-C3E0-6641-5E27-3AA97567D3AD}.Release|Any CPU.ActiveCfg = Release|Any CPU
		{76A3DF2A-C3E0-6641-5E27-3AA97567D3AD}.Release|Any CPU.Build.0 = Release|Any CPU
		{463BD18B-F7C3-97A7-9EC6-B0526F082D6E}.Debug|Any CPU.ActiveCfg = Debug|Any CPU
		{463BD18B-F7C3-97A7-9EC6-B0526F082D6E}.Debug|Any CPU.Build.0 = Debug|Any CPU
		{463BD18B-F7C3-97A7-9EC6-B0526F082D6E}.Release|Any CPU.ActiveCfg = Release|Any CPU
		{463BD18B-F7C3-97A7-9EC6-B0526F082D6E}.Release|Any CPU.Build.0 = Release|Any CPU
		{897B7CF9-A2D8-C8AD-FCC5-9EDBD4292371}.Debug|Any CPU.ActiveCfg = Debug|Any CPU
		{897B7CF9-A2D8-C8AD-FCC5-9EDBD4292371}.Debug|Any CPU.Build.0 = Debug|Any CPU
		{897B7CF9-A2D8-C8AD-FCC5-9EDBD4292371}.Release|Any CPU.ActiveCfg = Release|Any CPU
		{897B7CF9-A2D8-C8AD-FCC5-9EDBD4292371}.Release|Any CPU.Build.0 = Release|Any CPU
		{3F09DC53-CF04-7ABA-9F5E-C85A50202D0B}.Debug|Any CPU.ActiveCfg = Debug|Any CPU
		{3F09DC53-CF04-7ABA-9F5E-C85A50202D0B}.Debug|Any CPU.Build.0 = Debug|Any CPU
		{3F09DC53-CF04-7ABA-9F5E-C85A50202D0B}.Release|Any CPU.ActiveCfg = Release|Any CPU
		{3F09DC53-CF04-7ABA-9F5E-C85A50202D0B}.Release|Any CPU.Build.0 = Release|Any CPU
		{7C6AAE21-DF31-850E-D245-D651A56D1C45}.Debug|Any CPU.ActiveCfg = Debug|Any CPU
		{7C6AAE21-DF31-850E-D245-D651A56D1C45}.Debug|Any CPU.Build.0 = Debug|Any CPU
		{7C6AAE21-DF31-850E-D245-D651A56D1C45}.Release|Any CPU.ActiveCfg = Release|Any CPU
		{7C6AAE21-DF31-850E-D245-D651A56D1C45}.Release|Any CPU.Build.0 = Release|Any CPU
	EndGlobalSection
	GlobalSection(SolutionProperties) = preSolution
		HideSolutionNode = FALSE
	EndGlobalSection
EndGlobal
